
Microsoft Visual Studio Solution File, Format Version 12.00
# Visual Studio Version 16
VisualStudioVersion = 16.0.29728.190
MinimumVisualStudioVersion = 10.0.40219.1
Project("{FAE04EC0-301F-11D3-BF4B-00C04F79EFBC}") = "Solid", "Solid\Solid.csproj", "{BC66E893-7535-4A00-9E10-81A7597ED717}"
EndProject
Global
	GlobalSection(SolutionConfigurationPlatforms) = preSolution
		Debug|Any CPU = Debug|Any CPU
		Release|Any CPU = Release|Any CPU
	EndGlobalSection
	GlobalSection(ProjectConfigurationPlatforms) = postSolution
		{BC66E893-7535-4A00-9E10-81A7597ED717}.Debug|Any CPU.ActiveCfg = Debug|Any CPU
		{BC66E893-7535-4A00-9E10-81A7597ED717}.Debug|Any CPU.Build.0 = Debug|Any CPU
		{BC66E893-7535-4A00-9E10-81A7597ED717}.Release|Any CPU.ActiveCfg = Release|Any CPU
		{BC66E893-7535-4A00-9E10-81A7597ED717}.Release|Any CPU.Build.0 = Release|Any CPU
	EndGlobalSection
	GlobalSection(SolutionProperties) = preSolution
		HideSolutionNode = FALSE
	EndGlobalSection
	GlobalSection(ExtensibilityGlobals) = postSolution
		SolutionGuid = {91184A4A-F294-4738-A64F-E4B177D58966}
	EndGlobalSection
EndGlobal
